
Microsoft Visual Studio Solution File, Format Version 11.00
# Visual Studio 2010
Microsoft Visual Studio Solution File, Format Version 12.00
# Visual Studio 14
VisualStudioVersion = 14.0.25420.1
MinimumVisualStudioVersion = 10.0.40219.1
Project("{FAE04EC0-301F-11D3-BF4B-00C04F79EFBC}") = "HebMorph", "HebMorph\HebMorph.csproj", "{EF21A9E0-8FEE-43CD-8D60-B3696E033FED}"
EndProject
Project("{FAE04EC0-301F-11D3-BF4B-00C04F79EFBC}") = "VisualHebMorph", "Tests\VisualHebMorph\VisualHebMorph.csproj", "{B14DF4D5-9681-4479-910B-43A100F8C50E}"
EndProject
Global
	GlobalSection(SolutionConfigurationPlatforms) = preSolution
		Debug|Any CPU = Debug|Any CPU
		Release|Any CPU = Release|Any CPU
	EndGlobalSection
	GlobalSection(ProjectConfigurationPlatforms) = postSolution
		{EF21A9E0-8FEE-43CD-8D60-B3696E033FED}.Debug|Any CPU.ActiveCfg = Debug|Any CPU
		{EF21A9E0-8FEE-43CD-8D60-B3696E033FED}.Debug|Any CPU.Build.0 = Debug|Any CPU
		{EF21A9E0-8FEE-43CD-8D60-B3696E033FED}.Release|Any CPU.ActiveCfg = Release|Any CPU
		{EF21A9E0-8FEE-43CD-8D60-B3696E033FED}.Release|Any CPU.Build.0 = Release|Any CPU
		{B14DF4D5-9681-4479-910B-43A100F8C50E}.Debug|Any CPU.ActiveCfg = Debug|Any CPU
		{B14DF4D5-9681-4479-910B-43A100F8C50E}.Debug|Any CPU.Build.0 = Debug|Any CPU
		{B14DF4D5-9681-4479-910B-43A100F8C50E}.Release|Any CPU.ActiveCfg = Release|Any CPU
		{B14DF4D5-9681-4479-910B-43A100F8C50E}.Release|Any CPU.Build.0 = Release|Any CPU
	EndGlobalSection
	GlobalSection(SolutionProperties) = preSolution
		HideSolutionNode = FALSE
	EndGlobalSection
EndGlobal
