
Microsoft Visual Studio Solution File, Format Version 9.00
# Visual Studio 2005
Project("{FAE04EC0-301F-11D3-BF4B-00C04F79EFBC}") = "Lucene.Net.Hebrew", "Lucene.Net.Analysis.Hebrew\Lucene.Net.Hebrew.csproj", "{53318212-385E-457B-8E5F-DDB117032A86}"
EndProject
Project("{FAE04EC0-301F-11D3-BF4B-00C04F79EFBC}") = "HebrewEnabledSearcher", "Tests\HebrewEnabledSearcher\HebrewEnabledSearcher.csproj", "{0E8A4BB0-7712-4493-AF9B-E58D3E3CFB88}"
EndProject
Project("{FAE04EC0-301F-11D3-BF4B-00C04F79EFBC}") = "HebMorph", "HebMorph\HebMorph.csproj", "{EF21A9E0-8FEE-43CD-8D60-B3696E033FED}"
EndProject
Project("{2150E333-8FDC-42A3-9474-1A3956D46DE8}") = "Tools and Tests", "Tools and Tests", "{855A6247-240A-476E-8563-6C061D17570E}"
EndProject
Project("{FAE04EC0-301F-11D3-BF4B-00C04F79EFBC}") = "VisualHebMorph", "Tests\VisualHebMorph\VisualHebMorph.csproj", "{B14DF4D5-9681-4479-910B-43A100F8C50E}"
EndProject
Project("{FAE04EC0-301F-11D3-BF4B-00C04F79EFBC}") = "Lucene.Net", "..\..\..\Dev\Libraries\Lucene.Net\trunk\C#\src\Lucene.Net\Lucene.Net.csproj", "{5D4AD9BE-1FFB-41AB-9943-25737971BF57}"
EndProject
Project("{FAE04EC0-301F-11D3-BF4B-00C04F79EFBC}") = "HebMorphTests", "Tests\HebMorphTests\HebMorphTests.csproj", "{02DDD57E-E501-41B9-AD1C-3701CDF00ECB}"
EndProject
Global
	GlobalSection(SolutionConfigurationPlatforms) = preSolution
		Debug|Any CPU = Debug|Any CPU
		Release|Any CPU = Release|Any CPU
	EndGlobalSection
	GlobalSection(ProjectConfigurationPlatforms) = postSolution
		{53318212-385E-457B-8E5F-DDB117032A86}.Debug|Any CPU.ActiveCfg = Debug|Any CPU
		{53318212-385E-457B-8E5F-DDB117032A86}.Debug|Any CPU.Build.0 = Debug|Any CPU
		{53318212-385E-457B-8E5F-DDB117032A86}.Release|Any CPU.ActiveCfg = Release|Any CPU
		{53318212-385E-457B-8E5F-DDB117032A86}.Release|Any CPU.Build.0 = Release|Any CPU
		{0E8A4BB0-7712-4493-AF9B-E58D3E3CFB88}.Debug|Any CPU.ActiveCfg = Debug|Any CPU
		{0E8A4BB0-7712-4493-AF9B-E58D3E3CFB88}.Debug|Any CPU.Build.0 = Debug|Any CPU
		{0E8A4BB0-7712-4493-AF9B-E58D3E3CFB88}.Release|Any CPU.ActiveCfg = Release|Any CPU
		{0E8A4BB0-7712-4493-AF9B-E58D3E3CFB88}.Release|Any CPU.Build.0 = Release|Any CPU
		{EF21A9E0-8FEE-43CD-8D60-B3696E033FED}.Debug|Any CPU.ActiveCfg = Debug|Any CPU
		{EF21A9E0-8FEE-43CD-8D60-B3696E033FED}.Debug|Any CPU.Build.0 = Debug|Any CPU
		{EF21A9E0-8FEE-43CD-8D60-B3696E033FED}.Release|Any CPU.ActiveCfg = Release|Any CPU
		{EF21A9E0-8FEE-43CD-8D60-B3696E033FED}.Release|Any CPU.Build.0 = Release|Any CPU
		{B14DF4D5-9681-4479-910B-43A100F8C50E}.Debug|Any CPU.ActiveCfg = Debug|Any CPU
		{B14DF4D5-9681-4479-910B-43A100F8C50E}.Debug|Any CPU.Build.0 = Debug|Any CPU
		{B14DF4D5-9681-4479-910B-43A100F8C50E}.Release|Any CPU.ActiveCfg = Release|Any CPU
		{B14DF4D5-9681-4479-910B-43A100F8C50E}.Release|Any CPU.Build.0 = Release|Any CPU
		{5D4AD9BE-1FFB-41AB-9943-25737971BF57}.Debug|Any CPU.ActiveCfg = Debug|Any CPU
		{5D4AD9BE-1FFB-41AB-9943-25737971BF57}.Debug|Any CPU.Build.0 = Debug|Any CPU
		{5D4AD9BE-1FFB-41AB-9943-25737971BF57}.Release|Any CPU.ActiveCfg = Release|Any CPU
		{5D4AD9BE-1FFB-41AB-9943-25737971BF57}.Release|Any CPU.Build.0 = Release|Any CPU
		{02DDD57E-E501-41B9-AD1C-3701CDF00ECB}.Debug|Any CPU.ActiveCfg = Debug|Any CPU
		{02DDD57E-E501-41B9-AD1C-3701CDF00ECB}.Debug|Any CPU.Build.0 = Debug|Any CPU
		{02DDD57E-E501-41B9-AD1C-3701CDF00ECB}.Release|Any CPU.ActiveCfg = Release|Any CPU
		{02DDD57E-E501-41B9-AD1C-3701CDF00ECB}.Release|Any CPU.Build.0 = Release|Any CPU
	EndGlobalSection
	GlobalSection(SolutionProperties) = preSolution
		HideSolutionNode = FALSE
	EndGlobalSection
	GlobalSection(NestedProjects) = preSolution
		{0E8A4BB0-7712-4493-AF9B-E58D3E3CFB88} = {855A6247-240A-476E-8563-6C061D17570E}
		{B14DF4D5-9681-4479-910B-43A100F8C50E} = {855A6247-240A-476E-8563-6C061D17570E}
		{02DDD57E-E501-41B9-AD1C-3701CDF00ECB} = {855A6247-240A-476E-8563-6C061D17570E}
	EndGlobalSection
EndGlobal
